// !$*UTF8*$!
{
	archiveVersion = 1;
	classes = {
	};
	objectVersion = 77;
	objects = {

/* Begin PBXBuildFile section */
		5A86A34F2E9415F300CA8E22 /* Ollama in Frameworks */ = {isa = PBXBuildFile; productRef = 5A86A34E2E9415F300CA8E22 /* Ollama */; };
		8B0000010000000000000001 /* MLXLLM in Frameworks */ = {isa = PBXBuildFile; productRef = 8B0000020000000000000001 /* MLXLLM */; };
		8B0000010000000000000002 /* MLXLMCommon in Frameworks */ = {isa = PBXBuildFile; productRef = 8B0000020000000000000002 /* MLXLMCommon */; };
/* End PBXBuildFile section */

/* Begin PBXFileReference section */
		5ACBDEF62E8A12F400DD7984 /* TypeTide.app */ = {isa = PBXFileReference; explicitFileType = wrapper.application; includeInIndex = 0; path = TypeTide.app; sourceTree = BUILT_PRODUCTS_DIR; };
		7A0000010000000000000001 /* TypeTideTests.xctest */ = {isa = PBXFileReference; explicitFileType = wrapper.cfbundle; includeInIndex = 0; path = TypeTideTests.xctest; sourceTree = BUILT_PRODUCTS_DIR; };
		7A0000010000000000000002 /* TypeTideE2ETests.xctest */ = {isa = PBXFileReference; explicitFileType = wrapper.cfbundle; includeInIndex = 0; path = TypeTideE2ETests.xctest; sourceTree = BUILT_PRODUCTS_DIR; };
/* End PBXFileReference section */

/* Begin PBXContainerItemProxy section */
		7A0000010000000000000003 /* PBXContainerItemProxy */ = {isa = PBXContainerItemProxy; containerPortal = 5ACBDEEE2E8A12F400DD7984 /* Project object */; proxyType = 1; remoteGlobalIDString = 5ACBDEF52E8A12F400DD7984; remoteInfo = TypeTide; };
		7A0000010000000000000004 /* PBXContainerItemProxy */ = {isa = PBXContainerItemProxy; containerPortal = 5ACBDEEE2E8A12F400DD7984 /* Project object */; proxyType = 1; remoteGlobalIDString = 5ACBDEF52E8A12F400DD7984; remoteInfo = TypeTide; };
/* End PBXContainerItemProxy section */

/* Begin PBXFileSystemSynchronizedBuildFileExceptionSet section */
		5A86A7612E98D18500CA8E22 /* Exceptions for "TypeTide" folder in "TypeTide" target */ = {
			isa = PBXFileSystemSynchronizedBuildFileExceptionSet;
			membershipExceptions = (
				Info.plist,
			);
			target = 5ACBDEF52E8A12F400DD7984 /* TypeTide */;
		};
/* End PBXFileSystemSynchronizedBuildFileExceptionSet section */

/* Begin PBXFileSystemSynchronizedRootGroup section */
		5ACBDEF82E8A12F400DD7984 /* TypeTide */ = {
			isa = PBXFileSystemSynchronizedRootGroup;
			exceptions = (
				5A86A7612E98D18500CA8E22 /* Exceptions for "TypeTide" folder in "TypeTide" target */,
			);
			path = TypeTide;
			sourceTree = "<group>";
		};
		7A0000010000000000000005 /* TypeTideTests */ = {isa = PBXFileSystemSynchronizedRootGroup; path = TypeTideTests; sourceTree = "<group>"; };
		7A0000010000000000000006 /* TypeTideE2ETests */ = {isa = PBXFileSystemSynchronizedRootGroup; path = TypeTideE2ETests; sourceTree = "<group>"; };
/* End PBXFileSystemSynchronizedRootGroup section */

/* Begin PBXFrameworksBuildPhase section */
		7A0000010000000000000007 /* Frameworks */ = {isa = PBXFrameworksBuildPhase; buildActionMask = 2147483647; files = (); runOnlyForDeploymentPostprocessing = 0; };
		7A0000010000000000000008 /* Frameworks */ = {isa = PBXFrameworksBuildPhase; buildActionMask = 2147483647; files = (); runOnlyForDeploymentPostprocessing = 0; };
		5ACBDEF32E8A12F400DD7984 /* Frameworks */ = {
			isa = PBXFrameworksBuildPhase;
			buildActionMask = 2147483647;
			files = (
				5A86A34F2E9415F300CA8E22 /* Ollama in Frameworks */,
				8B0000010000000000000002 /* MLXLMCommon in Frameworks */,
				8B0000010000000000000001 /* MLXLLM in Frameworks */,
			);
			runOnlyForDeploymentPostprocessing = 0;
		};
/* End PBXFrameworksBuildPhase section */

/* Begin PBXGroup section */
		5ACBDEED2E8A12F400DD7984 = {
			isa = PBXGroup;
			children = (
				5ACBDEF82E8A12F400DD7984 /* TypeTide */,
				7A0000010000000000000005 /* TypeTideTests */,
				7A0000010000000000000006 /* TypeTideE2ETests */,
				5ACBDEF72E8A12F400DD7984 /* Products */,
			);
			sourceTree = "<group>";
		};
		5ACBDEF72E8A12F400DD7984 /* Products */ = {
			isa = PBXGroup;
			children = (
				5ACBDEF62E8A12F400DD7984 /* TypeTide.app */,
				7A0000010000000000000001 /* TypeTideTests.xctest */,
				7A0000010000000000000002 /* TypeTideE2ETests.xctest */,
			);
			name = Products;
			sourceTree = "<group>";
		};
/* End PBXGroup section */

/* Begin PBXNativeTarget section */
		7A0000010000000000000009 /* TypeTideTests */ = {
			isa = PBXNativeTarget;
			buildConfigurationList = 7A0000010000000000000010 /* Build configuration list for PBXNativeTarget "TypeTideTests" */;
			buildPhases = (7A0000010000000000000011 /* Sources */, 7A0000010000000000000007 /* Frameworks */, 7A0000010000000000000012 /* Resources */);
			buildRules = ();
			dependencies = (7A0000010000000000000013 /* PBXTargetDependency */);
			fileSystemSynchronizedGroups = (7A0000010000000000000005 /* TypeTideTests */);
			name = TypeTideTests;
			packageProductDependencies = ();
			productName = TypeTideTests;
			productReference = 7A0000010000000000000001 /* TypeTideTests.xctest */;
			productType = "com.apple.product-type.bundle.unit-test";
		};
		7A0000010000000000000014 /* TypeTideE2ETests */ = {
			isa = PBXNativeTarget;
			buildConfigurationList = 7A0000010000000000000015 /* Build configuration list for PBXNativeTarget "TypeTideE2ETests" */;
			buildPhases = (7A0000010000000000000016 /* Sources */, 7A0000010000000000000008 /* Frameworks */, 7A0000010000000000000017 /* Resources */);
			buildRules = ();
			dependencies = (7A0000010000000000000018 /* PBXTargetDependency */);
			fileSystemSynchronizedGroups = (7A0000010000000000000006 /* TypeTideE2ETests */);
			name = TypeTideE2ETests;
			packageProductDependencies = ();
			productName = TypeTideE2ETests;
			productReference = 7A0000010000000000000002 /* TypeTideE2ETests.xctest */;
			productType = "com.apple.product-type.bundle.unit-test";
		};
		5ACBDEF52E8A12F400DD7984 /* TypeTide */ = {
			isa = PBXNativeTarget;
			buildConfigurationList = 5ACBDF012E8A12F500DD7984 /* Build configuration list for PBXNativeTarget "TypeTide" */;
			buildPhases = (
				5ACBDEF22E8A12F400DD7984 /* Sources */,
				5ACBDEF32E8A12F400DD7984 /* Frameworks */,
				5ACBDEF42E8A12F400DD7984 /* Resources */,
			);
			buildRules = (
			);
			dependencies = (
			);
			fileSystemSynchronizedGroups = (
				5ACBDEF82E8A12F400DD7984 /* TypeTide */,
			);
			name = TypeTide;
			packageProductDependencies = (
				5A86A34E2E9415F300CA8E22 /* Ollama */,
				8B0000020000000000000002 /* MLXLMCommon */,
				8B0000020000000000000001 /* MLXLLM */,
			);
			productName = TypeTide;
			productReference = 5ACBDEF62E8A12F400DD7984 /* TypeTide.app */;
			productType = "com.apple.product-type.application";
		};
/* End PBXNativeTarget section */

/* Begin PBXProject section */
		5ACBDEEE2E8A12F400DD7984 /* Project object */ = {
			isa = PBXProject;
			attributes = {
				BuildIndependentTargetsInParallel = 1;
				LastSwiftUpdateCheck = 2600;
				LastUpgradeCheck = 2600;
				TargetAttributes = {
					7A0000010000000000000009 = { CreatedOnToolsVersion = 26.0; TestTargetID = 5ACBDEF52E8A12F400DD7984; };
					7A0000010000000000000014 = { CreatedOnToolsVersion = 26.0; TestTargetID = 5ACBDEF52E8A12F400DD7984; };
					5ACBDEF52E8A12F400DD7984 = {
						CreatedOnToolsVersion = 26.0;
					};
				};
			};
			buildConfigurationList = 5ACBDEF12E8A12F400DD7984 /* Build configuration list for PBXProject "TypeTide" */;
			developmentRegion = en;
			hasScannedForEncodings = 0;
			knownRegions = (
				en,
				Base,
			);
			mainGroup = 5ACBDEED2E8A12F400DD7984;
			minimizedProjectReferenceProxies = 1;
			packageReferences = (
				8B0000030000000000000001 /* mlx-swift-lm */,
				5A86A34D2E9415F300CA8E22 /* XCRemoteSwiftPackageReference "ollama-swift" */,
			);
			preferredProjectObjectVersion = 77;
			productRefGroup = 5ACBDEF72E8A12F400DD7984 /* Products */;
			projectDirPath = "";
			projectRoot = "";
			targets = (
				5ACBDEF52E8A12F400DD7984 /* TypeTide */,
				7A0000010000000000000009 /* TypeTideTests */,
				7A0000010000000000000014 /* TypeTideE2ETests */,
			);
		};
/* End PBXProject section */

/* Begin PBXResourcesBuildPhase section */
		7A0000010000000000000012 /* Resources */ = {isa = PBXResourcesBuildPhase; buildActionMask = 2147483647; files = (); runOnlyForDeploymentPostprocessing = 0; };
		7A0000010000000000000017 /* Resources */ = {isa = PBXResourcesBuildPhase; buildActionMask = 2147483647; files = (); runOnlyForDeploymentPostprocessing = 0; };
		5ACBDEF42E8A12F400DD7984 /* Resources */ = {
			isa = PBXResourcesBuildPhase;
			buildActionMask = 2147483647;
			files = (
			);
			runOnlyForDeploymentPostprocessing = 0;
		};
/* End PBXResourcesBuildPhase section */

/* Begin PBXSourcesBuildPhase section */
		7A0000010000000000000011 /* Sources */ = {isa = PBXSourcesBuildPhase; buildActionMask = 2147483647; files = (); runOnlyForDeploymentPostprocessing = 0; };
		7A0000010000000000000016 /* Sources */ = {isa = PBXSourcesBuildPhase; buildActionMask = 2147483647; files = (); runOnlyForDeploymentPostprocessing = 0; };
		5ACBDEF22E8A12F400DD7984 /* Sources */ = {
			isa = PBXSourcesBuildPhase;
			buildActionMask = 2147483647;
			files = (
			);
			runOnlyForDeploymentPostprocessing = 0;
		};
/* End PBXSourcesBuildPhase section */

/* Begin XCBuildConfiguration section */
		7A0000010000000000000019 /* Debug */ = {isa = XCBuildConfiguration; buildSettings = { BUNDLE_LOADER = "$(TEST_HOST)"; CODE_SIGN_STYLE = Automatic; DEVELOPMENT_TEAM = YPV49M8592; GENERATE_INFOPLIST_FILE = YES; MACOSX_DEPLOYMENT_TARGET = 26.0; PRODUCT_BUNDLE_IDENTIFIER = com.xnu.typetide.tests; PRODUCT_NAME = "$(TARGET_NAME)"; SWIFT_DEFAULT_ACTOR_ISOLATION = MainActor; SWIFT_VERSION = 5.0; TEST_HOST = "$(BUILT_PRODUCTS_DIR)/TypeTide.app/Contents/MacOS/TypeTide"; }; name = Debug; };
		7A0000010000000000000020 /* Release */ = {isa = XCBuildConfiguration; buildSettings = { BUNDLE_LOADER = "$(TEST_HOST)"; CODE_SIGN_STYLE = Automatic; DEVELOPMENT_TEAM = YPV49M8592; GENERATE_INFOPLIST_FILE = YES; MACOSX_DEPLOYMENT_TARGET = 26.0; PRODUCT_BUNDLE_IDENTIFIER = com.xnu.typetide.tests; PRODUCT_NAME = "$(TARGET_NAME)"; SWIFT_DEFAULT_ACTOR_ISOLATION = MainActor; SWIFT_VERSION = 5.0; TEST_HOST = "$(BUILT_PRODUCTS_DIR)/TypeTide.app/Contents/MacOS/TypeTide"; }; name = Release; };
		7A0000010000000000000021 /* Debug */ = {isa = XCBuildConfiguration; buildSettings = { BUNDLE_LOADER = "$(TEST_HOST)"; CODE_SIGN_STYLE = Automatic; DEVELOPMENT_TEAM = YPV49M8592; GENERATE_INFOPLIST_FILE = YES; MACOSX_DEPLOYMENT_TARGET = 26.0; PRODUCT_BUNDLE_IDENTIFIER = com.xnu.typetide.e2etests; PRODUCT_NAME = "$(TARGET_NAME)"; SWIFT_DEFAULT_ACTOR_ISOLATION = MainActor; SWIFT_VERSION = 5.0; TEST_HOST = "$(BUILT_PRODUCTS_DIR)/TypeTide.app/Contents/MacOS/TypeTide"; }; name = Debug; };
		7A0000010000000000000022 /* Release */ = {isa = XCBuildConfiguration; buildSettings = { BUNDLE_LOADER = "$(TEST_HOST)"; CODE_SIGN_STYLE = Automatic; DEVELOPMENT_TEAM = YPV49M8592; GENERATE_INFOPLIST_FILE = YES; MACOSX_DEPLOYMENT_TARGET = 26.0; PRODUCT_BUNDLE_IDENTIFIER = com.xnu.typetide.e2etests; PRODUCT_NAME = "$(TARGET_NAME)"; SWIFT_DEFAULT_ACTOR_ISOLATION = MainActor; SWIFT_VERSION = 5.0; TEST_HOST = "$(BUILT_PRODUCTS_DIR)/TypeTide.app/Contents/MacOS/TypeTide"; }; name = Release; };
		5ACBDEFF2E8A12F500DD7984 /* Debug */ = {
			isa = XCBuildConfiguration;
			buildSettings = {
				ALWAYS_SEARCH_USER_PATHS = NO;
				ASSETCATALOG_COMPILER_GENERATE_SWIFT_ASSET_SYMBOL_EXTENSIONS = YES;
				CLANG_ANALYZER_NONNULL = YES;
				CLANG_ANALYZER_NUMBER_OBJECT_CONVERSION = YES_AGGRESSIVE;
				CLANG_CXX_LANGUAGE_STANDARD = "gnu++20";
				CLANG_ENABLE_MODULES = YES;
				CLANG_ENABLE_OBJC_ARC = YES;
				CLANG_ENABLE_OBJC_WEAK = YES;
				CLANG_WARN_BLOCK_CAPTURE_AUTORELEASING = YES;
				CLANG_WARN_BOOL_CONVERSION = YES;
				CLANG_WARN_COMMA = YES;
				CLANG_WARN_CONSTANT_CONVERSION = YES;
				CLANG_WARN_DEPRECATED_OBJC_IMPLEMENTATIONS = YES;
				CLANG_WARN_DIRECT_OBJC_ISA_USAGE = YES_ERROR;
				CLANG_WARN_DOCUMENTATION_COMMENTS = YES;
				CLANG_WARN_EMPTY_BODY = YES;
				CLANG_WARN_ENUM_CONVERSION = YES;
				CLANG_WARN_INFINITE_RECURSION = YES;
				CLANG_WARN_INT_CONVERSION = YES;
				CLANG_WARN_NON_LITERAL_NULL_CONVERSION = YES;
				CLANG_WARN_OBJC_IMPLICIT_RETAIN_SELF = YES;
				CLANG_WARN_OBJC_LITERAL_CONVERSION = YES;
				CLANG_WARN_OBJC_ROOT_CLASS = YES_ERROR;
				CLANG_WARN_QUOTED_INCLUDE_IN_FRAMEWORK_HEADER = YES;
				CLANG_WARN_RANGE_LOOP_ANALYSIS = YES;
				CLANG_WARN_STRICT_PROTOTYPES = YES;
				CLANG_WARN_SUSPICIOUS_MOVE = YES;
				CLANG_WARN_UNGUARDED_AVAILABILITY = YES_AGGRESSIVE;
				CLANG_WARN_UNREACHABLE_CODE = YES;
				CLANG_WARN__DUPLICATE_METHOD_MATCH = YES;
				COPY_PHASE_STRIP = NO;
				DEBUG_INFORMATION_FORMAT = dwarf;
				DEVELOPMENT_TEAM = YPV49M8592;
				ENABLE_STRICT_OBJC_MSGSEND = YES;
				ENABLE_TESTABILITY = YES;
				ENABLE_USER_SCRIPT_SANDBOXING = YES;
				GCC_C_LANGUAGE_STANDARD = gnu17;
				GCC_DYNAMIC_NO_PIC = NO;
				GCC_NO_COMMON_BLOCKS = YES;
				GCC_OPTIMIZATION_LEVEL = 0;
				GCC_PREPROCESSOR_DEFINITIONS = (
					"DEBUG=1",
					"$(inherited)",
				);
				GCC_WARN_64_TO_32_BIT_CONVERSION = YES;
				GCC_WARN_ABOUT_RETURN_TYPE = YES_ERROR;
				GCC_WARN_UNDECLARED_SELECTOR = YES;
				GCC_WARN_UNINITIALIZED_AUTOS = YES_AGGRESSIVE;
				GCC_WARN_UNUSED_FUNCTION = YES;
				GCC_WARN_UNUSED_VARIABLE = YES;
				LOCALIZATION_PREFERS_STRING_CATALOGS = YES;
				MACOSX_DEPLOYMENT_TARGET = 26.0;
				MTL_ENABLE_DEBUG_INFO = INCLUDE_SOURCE;
				MTL_FAST_MATH = YES;
				ONLY_ACTIVE_ARCH = YES;
				SDKROOT = macosx;
				SWIFT_ACTIVE_COMPILATION_CONDITIONS = "DEBUG $(inherited)";
				SWIFT_OPTIMIZATION_LEVEL = "-Onone";
			};
			name = Debug;
		};
		5ACBDF002E8A12F500DD7984 /* Release */ = {
			isa = XCBuildConfiguration;
			buildSettings = {
				ALWAYS_SEARCH_USER_PATHS = NO;
				ASSETCATALOG_COMPILER_GENERATE_SWIFT_ASSET_SYMBOL_EXTENSIONS = YES;
				CLANG_ANALYZER_NONNULL = YES;
				CLANG_ANALYZER_NUMBER_OBJECT_CONVERSION = YES_AGGRESSIVE;
				CLANG_CXX_LANGUAGE_STANDARD = "gnu++20";
				CLANG_ENABLE_MODULES = YES;
				CLANG_ENABLE_OBJC_ARC = YES;
				CLANG_ENABLE_OBJC_WEAK = YES;
				CLANG_WARN_BLOCK_CAPTURE_AUTORELEASING = YES;
				CLANG_WARN_BOOL_CONVERSION = YES;
				CLANG_WARN_COMMA = YES;
				CLANG_WARN_CONSTANT_CONVERSION = YES;
				CLANG_WARN_DEPRECATED_OBJC_IMPLEMENTATIONS = YES;
				CLANG_WARN_DIRECT_OBJC_ISA_USAGE = YES_ERROR;
				CLANG_WARN_DOCUMENTATION_COMMENTS = YES;
				CLANG_WARN_EMPTY_BODY = YES;
				CLANG_WARN_ENUM_CONVERSION = YES;
				CLANG_WARN_INFINITE_RECURSION = YES;
				CLANG_WARN_INT_CONVERSION = YES;
				CLANG_WARN_NON_LITERAL_NULL_CONVERSION = YES;
				CLANG_WARN_OBJC_IMPLICIT_RETAIN_SELF = YES;
				CLANG_WARN_OBJC_LITERAL_CONVERSION = YES;
				CLANG_WARN_OBJC_ROOT_CLASS = YES_ERROR;
				CLANG_WARN_QUOTED_INCLUDE_IN_FRAMEWORK_HEADER = YES;
				CLANG_WARN_RANGE_LOOP_ANALYSIS = YES;
				CLANG_WARN_STRICT_PROTOTYPES = YES;
				CLANG_WARN_SUSPICIOUS_MOVE = YES;
				CLANG_WARN_UNGUARDED_AVAILABILITY = YES_AGGRESSIVE;
				CLANG_WARN_UNREACHABLE_CODE = YES;
				CLANG_WARN__DUPLICATE_METHOD_MATCH = YES;
				COPY_PHASE_STRIP = NO;
				DEBUG_INFORMATION_FORMAT = "dwarf-with-dsym";
				DEVELOPMENT_TEAM = YPV49M8592;
				ENABLE_NS_ASSERTIONS = NO;
				ENABLE_STRICT_OBJC_MSGSEND = YES;
				ENABLE_USER_SCRIPT_SANDBOXING = YES;
				GCC_C_LANGUAGE_STANDARD = gnu17;
				GCC_NO_COMMON_BLOCKS = YES;
				GCC_WARN_64_TO_32_BIT_CONVERSION = YES;
				GCC_WARN_ABOUT_RETURN_TYPE = YES_ERROR;
				GCC_WARN_UNDECLARED_SELECTOR = YES;
				GCC_WARN_UNINITIALIZED_AUTOS = YES_AGGRESSIVE;
				GCC_WARN_UNUSED_FUNCTION = YES;
				GCC_WARN_UNUSED_VARIABLE = YES;
				LOCALIZATION_PREFERS_STRING_CATALOGS = YES;
				MACOSX_DEPLOYMENT_TARGET = 26.0;
				MTL_ENABLE_DEBUG_INFO = NO;
				MTL_FAST_MATH = YES;
				SDKROOT = macosx;
				SWIFT_COMPILATION_MODE = wholemodule;
			};
			name = Release;
		};
		5ACBDF022E8A12F500DD7984 /* Debug */ = {
			isa = XCBuildConfiguration;
			buildSettings = {
				ASSETCATALOG_COMPILER_APPICON_NAME = AppIcon;
				ASSETCATALOG_COMPILER_GLOBAL_ACCENT_COLOR_NAME = AccentColor;
				AUTOMATION_APPLE_EVENTS = NO;
				CODE_SIGN_ENTITLEMENTS = TypeTide/TypeTide.entitlements;
				CODE_SIGN_STYLE = Automatic;
				COMBINE_HIDPI_IMAGES = YES;
				CURRENT_PROJECT_VERSION = 1;
				DEVELOPMENT_TEAM = YPV49M8592;
				ENABLE_APP_SANDBOX = NO;
				ENABLE_HARDENED_RUNTIME = NO;
				ENABLE_PREVIEWS = YES;
				ENABLE_RESOURCE_ACCESS_AUDIO_INPUT = NO;
				ENABLE_RESOURCE_ACCESS_CALENDARS = NO;
				ENABLE_RESOURCE_ACCESS_CAMERA = NO;
				ENABLE_RESOURCE_ACCESS_CONTACTS = NO;
				ENABLE_RESOURCE_ACCESS_LOCATION = NO;
				ENABLE_RESOURCE_ACCESS_PHOTO_LIBRARY = NO;
				INFOPLIST_FILE = TypeTide/Info.plist;
				INFOPLIST_KEY_LSApplicationCategoryType = "public.app-category.productivity";
				INFOPLIST_KEY_NSHumanReadableCopyright = "";
				LD_RUNPATH_SEARCH_PATHS = (
					"$(inherited)",
					"@executable_path/../Frameworks",
				);
				MACOSX_DEPLOYMENT_TARGET = 26.0;
				MARKETING_VERSION = 0.1.15;
				PRODUCT_BUNDLE_IDENTIFIER = com.xnu.typetide;
				PRODUCT_NAME = "$(TARGET_NAME)";
				REGISTER_APP_GROUPS = YES;
				RUNTIME_EXCEPTION_ALLOW_DYLD_ENVIRONMENT_VARIABLES = NO;
				RUNTIME_EXCEPTION_ALLOW_JIT = NO;
				RUNTIME_EXCEPTION_ALLOW_UNSIGNED_EXECUTABLE_MEMORY = NO;
				RUNTIME_EXCEPTION_DEBUGGING_TOOL = NO;
				RUNTIME_EXCEPTION_DISABLE_EXECUTABLE_PAGE_PROTECTION = NO;
				RUNTIME_EXCEPTION_DISABLE_LIBRARY_VALIDATION = NO;
				STRING_CATALOG_GENERATE_SYMBOLS = YES;
				SWIFT_APPROACHABLE_CONCURRENCY = YES;
				SWIFT_DEFAULT_ACTOR_ISOLATION = MainActor;
				SWIFT_EMIT_LOC_STRINGS = YES;
				SWIFT_UPCOMING_FEATURE_MEMBER_IMPORT_VISIBILITY = YES;
				SWIFT_VERSION = 5.0;
			};
			name = Debug;
		};
		5ACBDF032E8A12F500DD7984 /* Release */ = {
			isa = XCBuildConfiguration;
			buildSettings = {
				ASSETCATALOG_COMPILER_APPICON_NAME = AppIcon;
				ASSETCATALOG_COMPILER_GLOBAL_ACCENT_COLOR_NAME = AccentColor;
				AUTOMATION_APPLE_EVENTS = NO;
				CODE_SIGN_ENTITLEMENTS = TypeTide/TypeTide.entitlements;
				CODE_SIGN_STYLE = Automatic;
				COMBINE_HIDPI_IMAGES = YES;
				CURRENT_PROJECT_VERSION = 1;
				DEVELOPMENT_TEAM = YPV49M8592;
				ENABLE_APP_SANDBOX = NO;
				ENABLE_HARDENED_RUNTIME = NO;
				ENABLE_PREVIEWS = YES;
				ENABLE_RESOURCE_ACCESS_AUDIO_INPUT = NO;
				ENABLE_RESOURCE_ACCESS_CALENDARS = NO;
				ENABLE_RESOURCE_ACCESS_CAMERA = NO;
				ENABLE_RESOURCE_ACCESS_CONTACTS = NO;
				ENABLE_RESOURCE_ACCESS_LOCATION = NO;
				ENABLE_RESOURCE_ACCESS_PHOTO_LIBRARY = NO;
				INFOPLIST_FILE = TypeTide/Info.plist;
				INFOPLIST_KEY_LSApplicationCategoryType = "public.app-category.productivity";
				INFOPLIST_KEY_NSHumanReadableCopyright = "";
				LD_RUNPATH_SEARCH_PATHS = (
					"$(inherited)",
					"@executable_path/../Frameworks",
				);
				MACOSX_DEPLOYMENT_TARGET = 26.0;
				MARKETING_VERSION = 0.1.15;
				PRODUCT_BUNDLE_IDENTIFIER = com.xnu.typetide;
				PRODUCT_NAME = "$(TARGET_NAME)";
				REGISTER_APP_GROUPS = YES;
				RUNTIME_EXCEPTION_ALLOW_DYLD_ENVIRONMENT_VARIABLES = NO;
				RUNTIME_EXCEPTION_ALLOW_JIT = NO;
				RUNTIME_EXCEPTION_ALLOW_UNSIGNED_EXECUTABLE_MEMORY = NO;
				RUNTIME_EXCEPTION_DEBUGGING_TOOL = NO;
				RUNTIME_EXCEPTION_DISABLE_EXECUTABLE_PAGE_PROTECTION = NO;
				RUNTIME_EXCEPTION_DISABLE_LIBRARY_VALIDATION = NO;
				STRING_CATALOG_GENERATE_SYMBOLS = YES;
				SWIFT_APPROACHABLE_CONCURRENCY = YES;
				SWIFT_DEFAULT_ACTOR_ISOLATION = MainActor;
				SWIFT_EMIT_LOC_STRINGS = YES;
				SWIFT_UPCOMING_FEATURE_MEMBER_IMPORT_VISIBILITY = YES;
				SWIFT_VERSION = 5.0;
			};
			name = Release;
		};
/* End XCBuildConfiguration section */

/* Begin XCConfigurationList section */
		7A0000010000000000000010 /* Build configuration list for PBXNativeTarget "TypeTideTests" */ = {isa = XCConfigurationList; buildConfigurations = (7A0000010000000000000019 /* Debug */, 7A0000010000000000000020 /* Release */); defaultConfigurationIsVisible = 0; defaultConfigurationName = Release; };
		7A0000010000000000000015 /* Build configuration list for PBXNativeTarget "TypeTideE2ETests" */ = {isa = XCConfigurationList; buildConfigurations = (7A0000010000000000000021 /* Debug */, 7A0000010000000000000022 /* Release */); defaultConfigurationIsVisible = 0; defaultConfigurationName = Release; };
		5ACBDEF12E8A12F400DD7984 /* Build configuration list for PBXProject "TypeTide" */ = {
			isa = XCConfigurationList;
			buildConfigurations = (
				5ACBDEFF2E8A12F500DD7984 /* Debug */,
				5ACBDF002E8A12F500DD7984 /* Release */,
			);
			defaultConfigurationIsVisible = 0;
			defaultConfigurationName = Release;
		};
		5ACBDF012E8A12F500DD7984 /* Build configuration list for PBXNativeTarget "TypeTide" */ = {
			isa = XCConfigurationList;
			buildConfigurations = (
				5ACBDF022E8A12F500DD7984 /* Debug */,
				5ACBDF032E8A12F500DD7984 /* Release */,
			);
			defaultConfigurationIsVisible = 0;
			defaultConfigurationName = Release;
		};
/* End XCConfigurationList section */

/* Begin PBXTargetDependency section */
		7A0000010000000000000013 /* PBXTargetDependency */ = {isa = PBXTargetDependency; target = 5ACBDEF52E8A12F400DD7984 /* TypeTide */; targetProxy = 7A0000010000000000000003 /* PBXContainerItemProxy */; };
		7A0000010000000000000018 /* PBXTargetDependency */ = {isa = PBXTargetDependency; target = 5ACBDEF52E8A12F400DD7984 /* TypeTide */; targetProxy = 7A0000010000000000000004 /* PBXContainerItemProxy */; };
/* End PBXTargetDependency section */

/* Begin XCRemoteSwiftPackageReference section */
		5A86A34D2E9415F300CA8E22 /* XCRemoteSwiftPackageReference "ollama-swift" */ = {
			isa = XCRemoteSwiftPackageReference;
			repositoryURL = "https://github.com/mattt/ollama-swift";
			requirement = {
				kind = upToNextMajorVersion;
				minimumVersion = 1.8.0;
			};
		};
		8B0000030000000000000001 /* mlx-swift-lm */ = {isa = XCRemoteSwiftPackageReference; repositoryURL = "https://github.com/ml-explore/mlx-swift-lm"; requirement = {kind = exactVersion; version = 2.30.6; }; };
/* End XCRemoteSwiftPackageReference section */

/* Begin XCSwiftPackageProductDependency section */
		5A86A34E2E9415F300CA8E22 /* Ollama */ = {
			isa = XCSwiftPackageProductDependency;
			package = 5A86A34D2E9415F300CA8E22 /* XCRemoteSwiftPackageReference "ollama-swift" */;
			productName = Ollama;
		};
		8B0000020000000000000001 /* MLXLLM */ = {isa = XCSwiftPackageProductDependency; package = 8B0000030000000000000001; productName = MLXLLM; };
		8B0000020000000000000002 /* MLXLMCommon */ = {isa = XCSwiftPackageProductDependency; package = 8B0000030000000000000001; productName = MLXLMCommon; };
/* End XCSwiftPackageProductDependency section */
	};
	rootObject = 5ACBDEEE2E8A12F400DD7984 /* Project object */;
}
